// !$*UTF8*$!
{
	archiveVersion = 1;
	classes = {
	};
	objectVersion = 56;
	objects = {

/* Begin PBXBuildFile section */
		0415CA632B4E8BFF00A919C4 /* AppDelegate.swift in Sources */ = {isa = PBXBuildFile; fileRef = 0415CA622B4E8BFF00A919C4 /* AppDelegate.swift */; };
		0415CA652B4E8BFF00A919C4 /* SceneDelegate.swift in Sources */ = {isa = PBXBuildFile; fileRef = 0415CA642B4E8BFF00A919C4 /* SceneDelegate.swift */; };
		0415CA672B4E8BFF00A919C4 /* ViewController.swift in Sources */ = {isa = PBXBuildFile; fileRef = 0415CA662B4E8BFF00A919C4 /* ViewController.swift */; };
		0415CA6A2B4E8BFF00A919C4 /* Main.storyboard in Resources */ = {isa = PBXBuildFile; fileRef = 0415CA682B4E8BFF00A919C4 /* Main.storyboard */; };
		0415CA6C2B4E8C0200A919C4 /* Assets.xcassets in Resources */ = {isa = PBXBuildFile; fileRef = 0415CA6B2B4E8C0200A919C4 /* Assets.xcassets */; };
		0415CA6F2B4E8C0200A919C4 /* LaunchScreen.storyboard in Resources */ = {isa = PBXBuildFile; fileRef = 0415CA6D2B4E8C0200A919C4 /* LaunchScreen.storyboard */; };
		0415CA7A2B4E8C0300A919C4 /* GitProjectTests.swift in Sources */ = {isa = PBXBuildFile; fileRef = 0415CA792B4E8C0300A919C4 /* GitProjectTests.swift */; };
		0415CA842B4E8C0300A919C4 /* GitProjectUITests.swift in Sources */ = {isa = PBXBuildFile; fileRef = 0415CA832B4E8C0300A919C4 /* GitProjectUITests.swift */; };
		0415CA862B4E8C0300A919C4 /* GitProjectUITestsLaunchTests.swift in Sources */ = {isa = PBXBuildFile; fileRef = 0415CA852B4E8C0300A919C4 /* GitProjectUITestsLaunchTests.swift */; };
		044A0FE72B4E90850061D853 /* SecondVC.swift in Sources */ = {isa = PBXBuildFile; fileRef = 044A0FE62B4E90850061D853 /* SecondVC.swift */; };
/* End PBXBuildFile section */

/* Begin PBXContainerItemProxy section */
		0415CA762B4E8C0300A919C4 /* PBXContainerItemProxy */ = {
			isa = PBXContainerItemProxy;
			containerPortal = 0415CA572B4E8BFF00A919C4 /* Project object */;
			proxyType = 1;
			remoteGlobalIDString = 0415CA5E2B4E8BFF00A919C4;
			remoteInfo = GitProject;
		};
		0415CA802B4E8C0300A919C4 /* PBXContainerItemProxy */ = {
			isa = PBXContainerItemProxy;
			containerPortal = 0415CA572B4E8BFF00A919C4 /* Project object */;
			proxyType = 1;
			remoteGlobalIDString = 0415CA5E2B4E8BFF00A919C4;
			remoteInfo = GitProject;
		};
/* End PBXContainerItemProxy section */

/* Begin PBXFileReference section */
		0415CA5F2B4E8BFF00A919C4 /* GitProject.app */ = {isa = PBXFileReference; explicitFileType = wrapper.application; includeInIndex = 0; path = GitProject.app; sourceTree = BUILT_PRODUCTS_DIR; };
		0415CA622B4E8BFF00A919C4 /* AppDelegate.swift */ = {isa = PBXFileReference; lastKnownFileType = sourcecode.swift; path = AppDelegate.swift; sourceTree = "<group>"; };
		0415CA642B4E8BFF00A919C4 /* SceneDelegate.swift */ = {isa = PBXFileReference; lastKnownFileType = sourcecode.swift; path = SceneDelegate.swift; sourceTree = "<group>"; };
		0415CA662B4E8BFF00A919C4 /* ViewController.swift */ = {isa = PBXFileReference; lastKnownFileType = sourcecode.swift; path = ViewController.swift; sourceTree = "<group>"; };
		0415CA692B4E8BFF00A919C4 /* Base */ = {isa = PBXFileReference; lastKnownFileType = file.storyboard; name = Base; path = Base.lproj/Main.storyboard; sourceTree = "<group>"; };
		0415CA6B2B4E8C0200A919C4 /* Assets.xcassets */ = {isa = PBXFileReference; lastKnownFileType = folder.assetcatalog; path = Assets.xcassets; sourceTree = "<group>"; };
		0415CA6E2B4E8C0200A919C4 /* Base */ = {isa = PBXFileReference; lastKnownFileType = file.storyboard; name = Base; path = Base.lproj/LaunchScreen.storyboard; sourceTree = "<group>"; };
		0415CA702B4E8C0200A919C4 /* Info.plist */ = {isa = PBXFileReference; lastKnownFileType = text.plist.xml; path = Info.plist; sourceTree = "<group>"; };
		0415CA752B4E8C0300A919C4 /* GitProjectTests.xctest */ = {isa = PBXFileReference; explicitFileType = wrapper.cfbundle; includeInIndex = 0; path = GitProjectTests.xctest; sourceTree = BUILT_PRODUCTS_DIR; };
		0415CA792B4E8C0300A919C4 /* GitProjectTests.swift */ = {isa = PBXFileReference; lastKnownFileType = sourcecode.swift; path = GitProjectTests.swift; sourceTree = "<group>"; };
		0415CA7F2B4E8C0300A919C4 /* GitProjectUITests.xctest */ = {isa = PBXFileReference; explicitFileType = wrapper.cfbundle; includeInIndex = 0; path = GitProjectUITests.xctest; sourceTree = BUILT_PRODUCTS_DIR; };
		0415CA832B4E8C0300A919C4 /* GitProjectUITests.swift */ = {isa = PBXFileReference; lastKnownFileType = sourcecode.swift; path = GitProjectUITests.swift; sourceTree = "<group>"; };
		0415CA852B4E8C0300A919C4 /* GitProjectUITestsLaunchTests.swift */ = {isa = PBXFileReference; lastKnownFileType = sourcecode.swift; path = GitProjectUITestsLaunchTests.swift; sourceTree = "<group>"; };
		044A0FE62B4E90850061D853 /* SecondVC.swift */ = {isa = PBXFileReference; lastKnownFileType = sourcecode.swift; path = SecondVC.swift; sourceTree = "<group>"; };
/* End PBXFileReference section */

/* Begin PBXFrameworksBuildPhase section */
		0415CA5C2B4E8BFF00A919C4 /* Frameworks */ = {
			isa = PBXFrameworksBuildPhase;
			buildActionMask = 2147483647;
			files = (
			);
			runOnlyForDeploymentPostprocessing = 0;
		};
		0415CA722B4E8C0300A919C4 /* Frameworks */ = {
			isa = PBXFrameworksBuildPhase;
			buildActionMask = 2147483647;
			files = (
			);
			runOnlyForDeploymentPostprocessing = 0;
		};
		0415CA7C2B4E8C0300A919C4 /* Frameworks */ = {
			isa = PBXFrameworksBuildPhase;
			buildActionMask = 2147483647;
			files = (
			);
			runOnlyForDeploymentPostprocessing = 0;
		};
/* End PBXFrameworksBuildPhase section */

/* Begin PBXGroup section */
		0415CA562B4E8BFF00A919C4 = {
			isa = PBXGroup;
			children = (
				0415CA612B4E8BFF00A919C4 /* GitProject */,
				0415CA782B4E8C0300A919C4 /* GitProjectTests */,
				0415CA822B4E8C0300A919C4 /* GitProjectUITests */,
				0415CA602B4E8BFF00A919C4 /* Products */,
			);
			sourceTree = "<group>";
		};
		0415CA602B4E8BFF00A919C4 /* Products */ = {
			isa = PBXGroup;
			children = (
				0415CA5F2B4E8BFF00A919C4 /* GitProject.app */,
				0415CA752B4E8C0300A919C4 /* GitProjectTests.xctest */,
				0415CA7F2B4E8C0300A919C4 /* GitProjectUITests.xctest */,
			);
			name = Products;
			sourceTree = "<group>";
		};
		0415CA612B4E8BFF00A919C4 /* GitProject */ = {
			isa = PBXGroup;
			children = (
				0415CA622B4E8BFF00A919C4 /* AppDelegate.swift */,
				0415CA642B4E8BFF00A919C4 /* SceneDelegate.swift */,
				0415CA662B4E8BFF00A919C4 /* ViewController.swift */,
				0415CA682B4E8BFF00A919C4 /* Main.storyboard */,
				044A0FE62B4E90850061D853 /* SecondVC.swift */,
				0415CA6B2B4E8C0200A919C4 /* Assets.xcassets */,
				0415CA6D2B4E8C0200A919C4 /* LaunchScreen.storyboard */,
				0415CA702B4E8C0200A919C4 /* Info.plist */,
			);
			path = GitProject;
			sourceTree = "<group>";
		};
		0415CA782B4E8C0300A919C4 /* GitProjectTests */ = {
			isa = PBXGroup;
			children = (
				0415CA792B4E8C0300A919C4 /* GitProjectTests.swift */,
			);
			path = GitProjectTests;
			sourceTree = "<group>";
		};
		0415CA822B4E8C0300A919C4 /* GitProjectUITests */ = {
			isa = PBXGroup;
			children = (
				0415CA832B4E8C0300A919C4 /* GitProjectUITests.swift */,
				0415CA852B4E8C0300A919C4 /* GitProjectUITestsLaunchTests.swift */,
			);
			path = GitProjectUITests;
			sourceTree = "<group>";
		};
/* End PBXGroup section */

/* Begin PBXNativeTarget section */
		0415CA5E2B4E8BFF00A919C4 /* GitProject */ = {
			isa = PBXNativeTarget;
			buildConfigurationList = 0415CA892B4E8C0300A919C4 /* Build configuration list for PBXNativeTarget "GitProject" */;
			buildPhases = (
				0415CA5B2B4E8BFF00A919C4 /* Sources */,
				0415CA5C2B4E8BFF00A919C4 /* Frameworks */,
				0415CA5D2B4E8BFF00A919C4 /* Resources */,
			);
			buildRules = (
			);
			dependencies = (
			);
			name = GitProject;
			productName = GitProject;
			productReference = 0415CA5F2B4E8BFF00A919C4 /* GitProject.app */;
			productType = "com.apple.product-type.application";
		};
		0415CA742B4E8C0300A919C4 /* GitProjectTests */ = {
			isa = PBXNativeTarget;
			buildConfigurationList = 0415CA8C2B4E8C0300A919C4 /* Build configuration list for PBXNativeTarget "GitProjectTests" */;
			buildPhases = (
				0415CA712B4E8C0300A919C4 /* Sources */,
				0415CA722B4E8C0300A919C4 /* Frameworks */,
				0415CA732B4E8C0300A919C4 /* Resources */,
			);
			buildRules = (
			);
			dependencies = (
				0415CA772B4E8C0300A919C4 /* PBXTargetDependency */,
			);
			name = GitProjectTests;
			productName = GitProjectTests;
			productReference = 0415CA752B4E8C0300A919C4 /* GitProjectTests.xctest */;
			productType = "com.apple.product-type.bundle.unit-test";
		};
		0415CA7E2B4E8C0300A919C4 /* GitProjectUITests */ = {
			isa = PBXNativeTarget;
			buildConfigurationList = 0415CA8F2B4E8C0300A919C4 /* Build configuration list for PBXNativeTarget "GitProjectUITests" */;
			buildPhases = (
				0415CA7B2B4E8C0300A919C4 /* Sources */,
				0415CA7C2B4E8C0300A919C4 /* Frameworks */,
				0415CA7D2B4E8C0300A919C4 /* Resources */,
			);
			buildRules = (
			);
			dependencies = (
				0415CA812B4E8C0300A919C4 /* PBXTargetDependency */,
			);
			name = GitProjectUITests;
			productName = GitProjectUITests;
			productReference = 0415CA7F2B4E8C0300A919C4 /* GitProjectUITests.xctest */;
			productType = "com.apple.product-type.bundle.ui-testing";
		};
/* End PBXNativeTarget section */

/* Begin PBXProject section */
		0415CA572B4E8BFF00A919C4 /* Project object */ = {
			isa = PBXProject;
			attributes = {
				BuildIndependentTargetsInParallel = 1;
				LastSwiftUpdateCheck = 1420;
				LastUpgradeCheck = 1420;
				TargetAttributes = {
					0415CA5E2B4E8BFF00A919C4 = {
						CreatedOnToolsVersion = 14.2;
					};
					0415CA742B4E8C0300A919C4 = {
						CreatedOnToolsVersion = 14.2;
						TestTargetID = 0415CA5E2B4E8BFF00A919C4;
					};
					0415CA7E2B4E8C0300A919C4 = {
						CreatedOnToolsVersion = 14.2;
						TestTargetID = 0415CA5E2B4E8BFF00A919C4;
					};
				};
			};
			buildConfigurationList = 0415CA5A2B4E8BFF00A919C4 /* Build configuration list for PBXProject "GitProject" */;
			compatibilityVersion = "Xcode 14.0";
			developmentRegion = en;
			hasScannedForEncodings = 0;
			knownRegions = (
				en,
				Base,
			);
			mainGroup = 0415CA562B4E8BFF00A919C4;
			productRefGroup = 0415CA602B4E8BFF00A919C4 /* Products */;
			projectDirPath = "";
			projectRoot = "";
			targets = (
				0415CA5E2B4E8BFF00A919C4 /* GitProject */,
				0415CA742B4E8C0300A919C4 /* GitProjectTests */,
				0415CA7E2B4E8C0300A919C4 /* GitProjectUITests */,
			);
		};
/* End PBXProject section */

/* Begin PBXResourcesBuildPhase section */
		0415CA5D2B4E8BFF00A919C4 /* Resources */ = {
			isa = PBXResourcesBuildPhase;
			buildActionMask = 2147483647;
			files = (
				0415CA6F2B4E8C0200A919C4 /* LaunchScreen.storyboard in Resources */,
				0415CA6C2B4E8C0200A919C4 /* Assets.xcassets in Resources */,
				0415CA6A2B4E8BFF00A919C4 /* Main.storyboard in Resources */,
			);
			runOnlyForDeploymentPostprocessing = 0;
		};
		0415CA732B4E8C0300A919C4 /* Resources */ = {
			isa = PBXResourcesBuildPhase;
			buildActionMask = 2147483647;
			files = (
			);
			runOnlyForDeploymentPostprocessing = 0;
		};
		0415CA7D2B4E8C0300A919C4 /* Resources */ = {
			isa = PBXResourcesBuildPhase;
			buildActionMask = 2147483647;
			files = (
			);
			runOnlyForDeploymentPostprocessing = 0;
		};
/* End PBXResourcesBuildPhase section */

/* Begin PBXSourcesBuildPhase section */
		0415CA5B2B4E8BFF00A919C4 /* Sources */ = {
			isa = PBXSourcesBuildPhase;
			buildActionMask = 2147483647;
			files = (
				0415CA672B4E8BFF00A919C4 /* ViewController.swift in Sources */,
				0415CA632B4E8BFF00A919C4 /* AppDelegate.swift in Sources */,
				044A0FE72B4E90850061D853 /* SecondVC.swift in Sources */,
				0415CA652B4E8BFF00A919C4 /* SceneDelegate.swift in Sources */,
			);
			runOnlyForDeploymentPostprocessing = 0;
		};
		0415CA712B4E8C0300A919C4 /* Sources */ = {
			isa = PBXSourcesBuildPhase;
			buildActionMask = 2147483647;
			files = (
				0415CA7A2B4E8C0300A919C4 /* GitProjectTests.swift in Sources */,
			);
			runOnlyForDeploymentPostprocessing = 0;
		};
		0415CA7B2B4E8C0300A919C4 /* Sources */ = {
			isa = PBXSourcesBuildPhase;
			buildActionMask = 2147483647;
			files = (
				0415CA842B4E8C0300A919C4 /* GitProjectUITests.swift in Sources */,
				0415CA862B4E8C0300A919C4 /* GitProjectUITestsLaunchTests.swift in Sources */,
			);
			runOnlyForDeploymentPostprocessing = 0;
		};
/* End PBXSourcesBuildPhase section */

/* Begin PBXTargetDependency section */
		0415CA772B4E8C0300A919C4 /* PBXTargetDependency */ = {
			isa = PBXTargetDependency;
			target = 0415CA5E2B4E8BFF00A919C4 /* GitProject */;
			targetProxy = 0415CA762B4E8C0300A919C4 /* PBXContainerItemProxy */;
		};
		0415CA812B4E8C0300A919C4 /* PBXTargetDependency */ = {
			isa = PBXTargetDependency;
			target = 0415CA5E2B4E8BFF00A919C4 /* GitProject */;
			targetProxy = 0415CA802B4E8C0300A919C4 /* PBXContainerItemProxy */;
		};
/* End PBXTargetDependency section */

/* Begin PBXVariantGroup section */
		0415CA682B4E8BFF00A919C4 /* Main.storyboard */ = {
			isa = PBXVariantGroup;
			children = (
				0415CA692B4E8BFF00A919C4 /* Base */,
			);
			name = Main.storyboard;
			sourceTree = "<group>";
		};
		0415CA6D2B4E8C0200A919C4 /* LaunchScreen.storyboard */ = {
			isa = PBXVariantGroup;
			children = (
				0415CA6E2B4E8C0200A919C4 /* Base */,
			);
			name = LaunchScreen.storyboard;
			sourceTree = "<group>";
		};
/* End PBXVariantGroup section */

/* Begin XCBuildConfiguration section */
		0415CA872B4E8C0300A919C4 /* Debug */ = {
			isa = XCBuildConfiguration;
			buildSettings = {
				ALWAYS_SEARCH_USER_PATHS = NO;
				CLANG_ANALYZER_NONNULL = YES;
				CLANG_ANALYZER_NUMBER_OBJECT_CONVERSION = YES_AGGRESSIVE;
				CLANG_CXX_LANGUAGE_STANDARD = "gnu++20";
				CLANG_ENABLE_MODULES = YES;
				CLANG_ENABLE_OBJC_ARC = YES;
				CLANG_ENABLE_OBJC_WEAK = YES;
				CLANG_WARN_BLOCK_CAPTURE_AUTORELEASING = YES;
				CLANG_WARN_BOOL_CONVERSION = YES;
				CLANG_WARN_COMMA = YES;
				CLANG_WARN_CONSTANT_CONVERSION = YES;
				CLANG_WARN_DEPRECATED_OBJC_IMPLEMENTATIONS = YES;
				CLANG_WARN_DIRECT_OBJC_ISA_USAGE = YES_ERROR;
				CLANG_WARN_DOCUMENTATION_COMMENTS = YES;
				CLANG_WARN_EMPTY_BODY = YES;
				CLANG_WARN_ENUM_CONVERSION = YES;
				CLANG_WARN_INFINITE_RECURSION = YES;
				CLANG_WARN_INT_CONVERSION = YES;
				CLANG_WARN_NON_LITERAL_NULL_CONVERSION = YES;
				CLANG_WARN_OBJC_IMPLICIT_RETAIN_SELF = YES;
				CLANG_WARN_OBJC_LITERAL_CONVERSION = YES;
				CLANG_WARN_OBJC_ROOT_CLASS = YES_ERROR;
				CLANG_WARN_QUOTED_INCLUDE_IN_FRAMEWORK_HEADER = YES;
				CLANG_WARN_RANGE_LOOP_ANALYSIS = YES;
				CLANG_WARN_STRICT_PROTOTYPES = YES;
				CLANG_WARN_SUSPICIOUS_MOVE = YES;
				CLANG_WARN_UNGUARDED_AVAILABILITY = YES_AGGRESSIVE;
				CLANG_WARN_UNREACHABLE_CODE = YES;
				CLANG_WARN__DUPLICATE_METHOD_MATCH = YES;
				COPY_PHASE_STRIP = NO;
				DEBUG_INFORMATION_FORMAT = dwarf;
				ENABLE_STRICT_OBJC_MSGSEND = YES;
				ENABLE_TESTABILITY = YES;
				GCC_C_LANGUAGE_STANDARD = gnu11;
				GCC_DYNAMIC_NO_PIC = NO;
				GCC_NO_COMMON_BLOCKS = YES;
				GCC_OPTIMIZATION_LEVEL = 0;
				GCC_PREPROCESSOR_DEFINITIONS = (
					"DEBUG=1",
					"$(inherited)",
				);
				GCC_WARN_64_TO_32_BIT_CONVERSION = YES;
				GCC_WARN_ABOUT_RETURN_TYPE = YES_ERROR;
				GCC_WARN_UNDECLARED_SELECTOR = YES;
				GCC_WARN_UNINITIALIZED_AUTOS = YES_AGGRESSIVE;
				GCC_WARN_UNUSED_FUNCTION = YES;
				GCC_WARN_UNUSED_VARIABLE = YES;
				IPHONEOS_DEPLOYMENT_TARGET = 16.2;
				MTL_ENABLE_DEBUG_INFO = INCLUDE_SOURCE;
				MTL_FAST_MATH = YES;
				ONLY_ACTIVE_ARCH = YES;
				SDKROOT = iphoneos;
				SWIFT_ACTIVE_COMPILATION_CONDITIONS = DEBUG;
				SWIFT_OPTIMIZATION_LEVEL = "-Onone";
			};
			name = Debug;
		};
		0415CA882B4E8C0300A919C4 /* Release */ = {
			isa = XCBuildConfiguration;
			buildSettings = {
				ALWAYS_SEARCH_USER_PATHS = NO;
				CLANG_ANALYZER_NONNULL = YES;
				CLANG_ANALYZER_NUMBER_OBJECT_CONVERSION = YES_AGGRESSIVE;
				CLANG_CXX_LANGUAGE_STANDARD = "gnu++20";
				CLANG_ENABLE_MODULES = YES;
				CLANG_ENABLE_OBJC_ARC = YES;
				CLANG_ENABLE_OBJC_WEAK = YES;
				CLANG_WARN_BLOCK_CAPTURE_AUTORELEASING = YES;
				CLANG_WARN_BOOL_CONVERSION = YES;
				CLANG_WARN_COMMA = YES;
				CLANG_WARN_CONSTANT_CONVERSION = YES;
				CLANG_WARN_DEPRECATED_OBJC_IMPLEMENTATIONS = YES;
				CLANG_WARN_DIRECT_OBJC_ISA_USAGE = YES_ERROR;
				CLANG_WARN_DOCUMENTATION_COMMENTS = YES;
				CLANG_WARN_EMPTY_BODY = YES;
				CLANG_WARN_ENUM_CONVERSION = YES;
				CLANG_WARN_INFINITE_RECURSION = YES;
				CLANG_WARN_INT_CONVERSION = YES;
				CLANG_WARN_NON_LITERAL_NULL_CONVERSION = YES;
				CLANG_WARN_OBJC_IMPLICIT_RETAIN_SELF = YES;
				CLANG_WARN_OBJC_LITERAL_CONVERSION = YES;
				CLANG_WARN_OBJC_ROOT_CLASS = YES_ERROR;
				CLANG_WARN_QUOTED_INCLUDE_IN_FRAMEWORK_HEADER = YES;
				CLANG_WARN_RANGE_LOOP_ANALYSIS = YES;
				CLANG_WARN_STRICT_PROTOTYPES = YES;
				CLANG_WARN_SUSPICIOUS_MOVE = YES;
				CLANG_WARN_UNGUARDED_AVAILABILITY = YES_AGGRESSIVE;
				CLANG_WARN_UNREACHABLE_CODE = YES;
				CLANG_WARN__DUPLICATE_METHOD_MATCH = YES;
				COPY_PHASE_STRIP = NO;
				DEBUG_INFORMATION_FORMAT = "dwarf-with-dsym";
				ENABLE_NS_ASSERTIONS = NO;
				ENABLE_STRICT_OBJC_MSGSEND = YES;
				GCC_C_LANGUAGE_STANDARD = gnu11;
				GCC_NO_COMMON_BLOCKS = YES;
				GCC_WARN_64_TO_32_BIT_CONVERSION = YES;
				GCC_WARN_ABOUT_RETURN_TYPE = YES_ERROR;
				GCC_WARN_UNDECLARED_SELECTOR = YES;
				GCC_WARN_UNINITIALIZED_AUTOS = YES_AGGRESSIVE;
				GCC_WARN_UNUSED_FUNCTION = YES;
				GCC_WARN_UNUSED_VARIABLE = YES;
				IPHONEOS_DEPLOYMENT_TARGET = 16.2;
				MTL_ENABLE_DEBUG_INFO = NO;
				MTL_FAST_MATH = YES;
				SDKROOT = iphoneos;
				SWIFT_COMPILATION_MODE = wholemodule;
				SWIFT_OPTIMIZATION_LEVEL = "-O";
				VALIDATE_PRODUCT = YES;
			};
			name = Release;
		};
		0415CA8A2B4E8C0300A919C4 /* Debug */ = {
			isa = XCBuildConfiguration;
			buildSettings = {
				ASSETCATALOG_COMPILER_APPICON_NAME = AppIcon;
				ASSETCATALOG_COMPILER_GLOBAL_ACCENT_COLOR_NAME = AccentColor;
				CODE_SIGN_STYLE = Automatic;
				CURRENT_PROJECT_VERSION = 1;
				GENERATE_INFOPLIST_FILE = YES;
				INFOPLIST_FILE = GitProject/Info.plist;
				INFOPLIST_KEY_UIApplicationSupportsIndirectInputEvents = YES;
				INFOPLIST_KEY_UILaunchStoryboardName = LaunchScreen;
				INFOPLIST_KEY_UIMainStoryboardFile = Main;
				INFOPLIST_KEY_UISupportedInterfaceOrientations_iPad = "UIInterfaceOrientationPortrait UIInterfaceOrientationPortraitUpsideDown UIInterfaceOrientationLandscapeLeft UIInterfaceOrientationLandscapeRight";
				INFOPLIST_KEY_UISupportedInterfaceOrientations_iPhone = "UIInterfaceOrientationPortrait UIInterfaceOrientationLandscapeLeft UIInterfaceOrientationLandscapeRight";
				LD_RUNPATH_SEARCH_PATHS = (
					"$(inherited)",
					"@executable_path/Frameworks",
				);
				MARKETING_VERSION = 1.0;
				PRODUCT_BUNDLE_IDENTIFIER = com.sai.GitProject;
				PRODUCT_NAME = "$(TARGET_NAME)";
				SWIFT_EMIT_LOC_STRINGS = YES;
				SWIFT_VERSION = 5.0;
				TARGETED_DEVICE_FAMILY = "1,2";
			};
			name = Debug;
		};
		0415CA8B2B4E8C0300A919C4 /* Release */ = {
			isa = XCBuildConfiguration;
			buildSettings = {
				ASSETCATALOG_COMPILER_APPICON_NAME = AppIcon;
				ASSETCATALOG_COMPILER_GLOBAL_ACCENT_COLOR_NAME = AccentColor;
				CODE_SIGN_STYLE = Automatic;
				CURRENT_PROJECT_VERSION = 1;
				GENERATE_INFOPLIST_FILE = YES;
				INFOPLIST_FILE = GitProject/Info.plist;
				INFOPLIST_KEY_UIApplicationSupportsIndirectInputEvents = YES;
				INFOPLIST_KEY_UILaunchStoryboardName = LaunchScreen;
				INFOPLIST_KEY_UIMainStoryboardFile = Main;
				INFOPLIST_KEY_UISupportedInterfaceOrientations_iPad = "UIInterfaceOrientationPortrait UIInterfaceOrientationPortraitUpsideDown UIInterfaceOrientationLandscapeLeft UIInterfaceOrientationLandscapeRight";
				INFOPLIST_KEY_UISupportedInterfaceOrientations_iPhone = "UIInterfaceOrientationPortrait UIInterfaceOrientationLandscapeLeft UIInterfaceOrientationLandscapeRight";
				LD_RUNPATH_SEARCH_PATHS = (
					"$(inherited)",
					"@executable_path/Frameworks",
				);
				MARKETING_VERSION = 1.0;
				PRODUCT_BUNDLE_IDENTIFIER = com.sai.GitProject;
				PRODUCT_NAME = "$(TARGET_NAME)";
				SWIFT_EMIT_LOC_STRINGS = YES;
				SWIFT_VERSION = 5.0;
				TARGETED_DEVICE_FAMILY = "1,2";
			};
			name = Release;
		};
		0415CA8D2B4E8C0300A919C4 /* Debug */ = {
			isa = XCBuildConfiguration;
			buildSettings = {
				ALWAYS_EMBED_SWIFT_STANDARD_LIBRARIES = YES;
				BUNDLE_LOADER = "$(TEST_HOST)";
				CODE_SIGN_STYLE = Automatic;
				CURRENT_PROJECT_VERSION = 1;
				GENERATE_INFOPLIST_FILE = YES;
				IPHONEOS_DEPLOYMENT_TARGET = 16.2;
				MARKETING_VERSION = 1.0;
				PRODUCT_BUNDLE_IDENTIFIER = com.sai.GitProjectTests;
				PRODUCT_NAME = "$(TARGET_NAME)";
				SWIFT_EMIT_LOC_STRINGS = NO;
				SWIFT_VERSION = 5.0;
				TARGETED_DEVICE_FAMILY = "1,2";
				TEST_HOST = "$(BUILT_PRODUCTS_DIR)/GitProject.app/$(BUNDLE_EXECUTABLE_FOLDER_PATH)/GitProject";
			};
			name = Debug;
		};
		0415CA8E2B4E8C0300A919C4 /* Release */ = {
			isa = XCBuildConfiguration;
			buildSettings = {
				ALWAYS_EMBED_SWIFT_STANDARD_LIBRARIES = YES;
				BUNDLE_LOADER = "$(TEST_HOST)";
				CODE_SIGN_STYLE = Automatic;
				CURRENT_PROJECT_VERSION = 1;
				GENERATE_INFOPLIST_FILE = YES;
				IPHONEOS_DEPLOYMENT_TARGET = 16.2;
				MARKETING_VERSION = 1.0;
				PRODUCT_BUNDLE_IDENTIFIER = com.sai.GitProjectTests;
				PRODUCT_NAME = "$(TARGET_NAME)";
				SWIFT_EMIT_LOC_STRINGS = NO;
				SWIFT_VERSION = 5.0;
				TARGETED_DEVICE_FAMILY = "1,2";
				TEST_HOST = "$(BUILT_PRODUCTS_DIR)/GitProject.app/$(BUNDLE_EXECUTABLE_FOLDER_PATH)/GitProject";
			};
			name = Release;
		};
		0415CA902B4E8C0300A919C4 /* Debug */ = {
			isa = XCBuildConfiguration;
			buildSettings = {
				ALWAYS_EMBED_SWIFT_STANDARD_LIBRARIES = YES;
				CODE_SIGN_STYLE = Automatic;
				CURRENT_PROJECT_VERSION = 1;
				GENERATE_INFOPLIST_FILE = YES;
				MARKETING_VERSION = 1.0;
				PRODUCT_BUNDLE_IDENTIFIER = com.sai.GitProjectUITests;
				PRODUCT_NAME = "$(TARGET_NAME)";
				SWIFT_EMIT_LOC_STRINGS = NO;
				SWIFT_VERSION = 5.0;
				TARGETED_DEVICE_FAMILY = "1,2";
				TEST_TARGET_NAME = GitProject;
			};
			name = Debug;
		};
		0415CA912B4E8C0300A919C4 /* Release */ = {
			isa = XCBuildConfiguration;
			buildSettings = {
				ALWAYS_EMBED_SWIFT_STANDARD_LIBRARIES = YES;
				CODE_SIGN_STYLE = Automatic;
				CURRENT_PROJECT_VERSION = 1;
				GENERATE_INFOPLIST_FILE = YES;
				MARKETING_VERSION = 1.0;
				PRODUCT_BUNDLE_IDENTIFIER = com.sai.GitProjectUITests;
				PRODUCT_NAME = "$(TARGET_NAME)";
				SWIFT_EMIT_LOC_STRINGS = NO;
				SWIFT_VERSION = 5.0;
				TARGETED_DEVICE_FAMILY = "1,2";
				TEST_TARGET_NAME = GitProject;
			};
			name = Release;
		};
/* End XCBuildConfiguration section */

/* Begin XCConfigurationList section */
		0415CA5A2B4E8BFF00A919C4 /* Build configuration list for PBXProject "GitProject" */ = {
			isa = XCConfigurationList;
			buildConfigurations = (
				0415CA872B4E8C0300A919C4 /* Debug */,
				0415CA882B4E8C0300A919C4 /* Release */,
			);
			defaultConfigurationIsVisible = 0;
			defaultConfigurationName = Release;
		};
		0415CA892B4E8C0300A919C4 /* Build configuration list for PBXNativeTarget "GitProject" */ = {
			isa = XCConfigurationList;
			buildConfigurations = (
				0415CA8A2B4E8C0300A919C4 /* Debug */,
				0415CA8B2B4E8C0300A919C4 /* Release */,
			);
			defaultConfigurationIsVisible = 0;
			defaultConfigurationName = Release;
		};
		0415CA8C2B4E8C0300A919C4 /* Build configuration list for PBXNativeTarget "GitProjectTests" */ = {
			isa = XCConfigurationList;
			buildConfigurations = (
				0415CA8D2B4E8C0300A919C4 /* Debug */,
				0415CA8E2B4E8C0300A919C4 /* Release */,
			);
			defaultConfigurationIsVisible = 0;
			defaultConfigurationName = Release;
		};
		0415CA8F2B4E8C0300A919C4 /* Build configuration list for PBXNativeTarget "GitProjectUITests" */ = {
			isa = XCConfigurationList;
			buildConfigurations = (
				0415CA902B4E8C0300A919C4 /* Debug */,
				0415CA912B4E8C0300A919C4 /* Release */,
			);
			defaultConfigurationIsVisible = 0;
			defaultConfigurationName = Release;
		};
/* End XCConfigurationList section */
	};
	rootObject = 0415CA572B4E8BFF00A919C4 /* Project object */;
}
